{
  "name": "lxchuan12.github.io",
  "version": "2.0.0",
  "lockfileVersion": 1,
  "requires": true,
  "dependencies": {
    "@vuepress/plugin-back-to-top": {
      "version": "1.0.0-rc.1",
      "resolved": "https://registry.npm.taobao.org/@vuepress/plugin-back-to-top/download/@vuepress/plugin-back-to-top-1.0.0-rc.1.tgz",
      "integrity": "sha1-kftpPzx9ep2AGYQrsGGtdWRF5Mo=",
      "dev": true,
      "requires": {
        "lodash.debounce": "^4.0.8"
      }
    },
    "@vuepress/plugin-google-analytics": {
      "version": "1.0.0-rc.1",
      "resolved": "https://registry.npm.taobao.org/@vuepress/plugin-google-analytics/download/@vuepress/plugin-google-analytics-1.0.0-rc.1.tgz",
      "integrity": "sha1-aWPvSXECkyZxN6EUEi+zYw3EQ+I=",
      "dev": true
    },
    "@vuepress/plugin-medium-zoom": {
      "version": "1.0.0-rc.1",
      "resolved": "https://registry.npm.taobao.org/@vuepress/plugin-medium-zoom/download/@vuepress/plugin-medium-zoom-1.0.0-rc.1.tgz",
      "integrity": "sha1-eLgarVViHPGSZnQh63NJfP4mUGg=",
      "dev": true,
      "requires": {
        "medium-zoom": "^0.4.0"
      }
    },
    "lodash.debounce": {
      "version": "4.0.8",
      "resolved": "https://registry.npm.taobao.org/lodash.debounce/download/lodash.debounce-4.0.8.tgz?cache=0&other_urls=https%3A%2F%2Fregistry.npm.taobao.org%2Flodash.debounce%2Fdownload%2Flodash.debounce-4.0.8.tgz",
      "integrity": "sha1-gteb/zCmfEAF/9XiUVMArZyk168=",
      "dev": true
    },
    "medium-zoom": {
      "version": "0.4.0",
      "resolved": "https://registry.npm.taobao.org/medium-zoom/download/medium-zoom-0.4.0.tgz",
      "integrity": "sha1-jhPJt1SQPAyQMiBhGvDTzTc6QiI=",
      "dev": true
    }
  }
}
